<?xml version="1.0" encoding="utf-8"?>
<Project ToolsVersion="4.0" xmlns="http://schemas.microsoft.com/developer/msbuild/2003">
  <ItemGroup>
    <ClCompile Include="$(MSBuildThisFileDirectory)CGameObject.cpp" />
    <ClCompile Include="$(MSBuildThisFileDirectory)CInputManager.cpp" />
    <ClCompile Include="$(MSBuildThisFileDirectory)CTimeManager.cpp" />
    <ClCompile Include="$(MSBuildThisFileDirectory)rApplication.cpp" />
    <ClCompile Include="$(MSBuildThisFileDirectory)CEntity.cpp">
      <Filter>Common</Filter>
    </ClCompile>
    <ClCompile Include="$(MSBuildThisFileDirectory)CComponent.cpp">
      <Filter>Component</Filter>
    </ClCompile>
    <ClCompile Include="$(MSBuildThisFileDirectory)CScene.cpp">
      <Filter>Scene</Filter>
    </ClCompile>
    <ClCompile Include="$(MSBuildThisFileDirectory)CSceneManager.cpp">
      <Filter>Scene</Filter>
    </ClCompile>
    <ClCompile Include="$(MSBuildThisFileDirectory)CTransform.cpp">
      <Filter>Component</Filter>
    </ClCompile>
    <ClCompile Include="$(MSBuildThisFileDirectory)CSpriteRenderer.cpp">
      <Filter>Component</Filter>
    </ClCompile>
    <ClCompile Include="$(MSBuildThisFileDirectory)CLayer.cpp">
      <Filter>Layer</Filter>
    </ClCompile>
    <ClCompile Include="$(MSBuildThisFileDirectory)CResource.cpp" />
    <ClCompile Include="$(MSBuildThisFileDirectory)CResources.cpp" />
    <ClCompile Include="$(MSBuildThisFileDirectory)RyuMath.cpp">
      <Filter>Common</Filter>
    </ClCompile>
  </ItemGroup>
  <ItemGroup>
    <ClInclude Include="$(MSBuildThisFileDirectory)CGameObject.h" />
    <ClInclude Include="$(MSBuildThisFileDirectory)CInputManager.h" />
    <ClInclude Include="$(MSBuildThisFileDirectory)CTimeManager.h" />
    <ClInclude Include="$(MSBuildThisFileDirectory)rApplication.h" />
    <ClInclude Include="$(MSBuildThisFileDirectory)CEntity.h">
      <Filter>Common</Filter>
    </ClInclude>
    <ClInclude Include="$(MSBuildThisFileDirectory)CComponent.h">
      <Filter>Component</Filter>
    </ClInclude>
    <ClInclude Include="$(MSBuildThisFileDirectory)CScene.h">
      <Filter>Scene</Filter>
    </ClInclude>
    <ClInclude Include="$(MSBuildThisFileDirectory)CSceneManager.h">
      <Filter>Scene</Filter>
    </ClInclude>
    <ClInclude Include="$(MSBuildThisFileDirectory)CommonInclude.h">
      <Filter>Common</Filter>
    </ClInclude>
    <ClInclude Include="$(MSBuildThisFileDirectory)CTransform.h">
      <Filter>Component</Filter>
    </ClInclude>
    <ClInclude Include="$(MSBuildThisFileDirectory)CSpriteRenderer.h">
      <Filter>Component</Filter>
    </ClInclude>
    <ClInclude Include="$(MSBuildThisFileDirectory)CLayer.h">
      <Filter>Layer</Filter>
    </ClInclude>
    <ClInclude Include="$(MSBuildThisFileDirectory)Enums.h">
      <Filter>Common</Filter>
    </ClInclude>
    <ClInclude Include="$(MSBuildThisFileDirectory)CResource.h" />
    <ClInclude Include="$(MSBuildThisFileDirectory)CResources.h" />
    <ClInclude Include="$(MSBuildThisFileDirectory)RyuMath.h">
      <Filter>Common</Filter>
    </ClInclude>
    <ClInclude Include="$(MSBuildThisFileDirectory)Object.h">
      <Filter>Common</Filter>
    </ClInclude>
  </ItemGroup>
  <ItemGroup>
    <Filter Include="Common">
      <UniqueIdentifier>{2e59c706-30a7-4591-8752-ffdd5e8813b3}</UniqueIdentifier>
    </Filter>
    <Filter Include="Component">
      <UniqueIdentifier>{4232a68e-b432-4655-ba28-540ea2b431a8}</UniqueIdentifier>
    </Filter>
    <Filter Include="Scene">
      <UniqueIdentifier>{1901da27-859b-42c6-8830-ee6debca5d31}</UniqueIdentifier>
    </Filter>
    <Filter Include="Layer">
      <UniqueIdentifier>{31ecb9a6-e507-4163-8a7f-63e6286e71d4}</UniqueIdentifier>
    </Filter>
  </ItemGroup>
</Project>